
Microsoft Visual Studio Solution File, Format Version 12.00
# Visual Studio Version 16
VisualStudioVersion = 16.0.31729.503
MinimumVisualStudioVersion = 10.0.40219.1
Project("{FAE04EC0-301F-11D3-BF4B-00C04F79EFBC}") = "CourseworkAD", "CourseworkAD.csproj", "{826D3C46-EA7F-4C9B-9B0F-81960363831D}"
EndProject
Global
	GlobalSection(SolutionConfigurationPlatforms) = preSolution
		Debug|Any CPU = Debug|Any CPU
		Release|Any CPU = Release|Any CPU
	EndGlobalSection
	GlobalSection(ProjectConfigurationPlatforms) = postSolution
		{826D3C46-EA7F-4C9B-9B0F-81960363831D}.Debug|Any CPU.ActiveCfg = Debug|Any CPU
		{826D3C46-EA7F-4C9B-9B0F-81960363831D}.Debug|Any CPU.Build.0 = Debug|Any CPU
		{826D3C46-EA7F-4C9B-9B0F-81960363831D}.Release|Any CPU.ActiveCfg = Release|Any CPU
		{826D3C46-EA7F-4C9B-9B0F-81960363831D}.Release|Any CPU.Build.0 = Release|Any CPU
	EndGlobalSection
	GlobalSection(SolutionProperties) = preSolution
		HideSolutionNode = FALSE
	EndGlobalSection
	GlobalSection(ExtensibilityGlobals) = postSolution
		SolutionGuid = {8230AEC3-7B78-4F46-BFA7-C2784806B657}
	EndGlobalSection
EndGlobal
